
Microsoft Visual Studio Solution File, Format Version 12.00
# Visual Studio Version 17
VisualStudioVersion = 17.9.34616.47
MinimumVisualStudioVersion = 10.0.40219.1
Project("{9A19103F-16F7-4668-BE54-9A1E7A4F7556}") = "BLL.ClassLibrary", "BLL.ClassLibrary\BLL.ClassLibrary.csproj", "{12030197-6145-4CF6-8D97-C04FA1711F34}"
EndProject
Project("{FAE04EC0-301F-11D3-BF4B-00C04F79EFBC}") = "UI01.ConsoleApp", "UI01.ConsoleApp\UI01.ConsoleApp.csproj", "{9F1D43AD-0FB0-47B8-B3FA-3BD61EBD00AB}"
EndProject
Global
	GlobalSection(SolutionConfigurationPlatforms) = preSolution
		Debug|Any CPU = Debug|Any CPU
		Release|Any CPU = Release|Any CPU
	EndGlobalSection
	GlobalSection(ProjectConfigurationPlatforms) = postSolution
		{12030197-6145-4CF6-8D97-C04FA1711F34}.Debug|Any CPU.ActiveCfg = Debug|Any CPU
		{12030197-6145-4CF6-8D97-C04FA1711F34}.Debug|Any CPU.Build.0 = Debug|Any CPU
		{12030197-6145-4CF6-8D97-C04FA1711F34}.Release|Any CPU.ActiveCfg = Release|Any CPU
		{12030197-6145-4CF6-8D97-C04FA1711F34}.Release|Any CPU.Build.0 = Release|Any CPU
		{9F1D43AD-0FB0-47B8-B3FA-3BD61EBD00AB}.Debug|Any CPU.ActiveCfg = Debug|Any CPU
		{9F1D43AD-0FB0-47B8-B3FA-3BD61EBD00AB}.Debug|Any CPU.Build.0 = Debug|Any CPU
		{9F1D43AD-0FB0-47B8-B3FA-3BD61EBD00AB}.Release|Any CPU.ActiveCfg = Release|Any CPU
		{9F1D43AD-0FB0-47B8-B3FA-3BD61EBD00AB}.Release|Any CPU.Build.0 = Release|Any CPU
	EndGlobalSection
	GlobalSection(SolutionProperties) = preSolution
		HideSolutionNode = FALSE
	EndGlobalSection
	GlobalSection(ExtensibilityGlobals) = postSolution
		SolutionGuid = {9D93126B-1217-49FE-B96B-68F47133852F}
	EndGlobalSection
EndGlobal
